
Microsoft Visual Studio Solution File, Format Version 12.00
# Visual Studio Version 17
VisualStudioVersion = 17.4.33122.133
MinimumVisualStudioVersion = 10.0.40219.1
Project("{FAE04EC0-301F-11D3-BF4B-00C04F79EFBC}") = "GUI", "Do an 1\GUI.csproj", "{94366FB9-513C-45CE-A611-5774E08CAAE4}"
EndProject
Project("{FAE04EC0-301F-11D3-BF4B-00C04F79EFBC}") = "BUS", "BUS\BUS.csproj", "{BBBD03A3-4AE4-4857-B268-CBFD2EF81E9C}"
EndProject
Project("{FAE04EC0-301F-11D3-BF4B-00C04F79EFBC}") = "DAL", "DAL\DAL.csproj", "{5CB685BF-A6E1-45D5-AB30-8B7F8D0B5043}"
EndProject
Project("{FAE04EC0-301F-11D3-BF4B-00C04F79EFBC}") = "DTO", "DTO\DTO.csproj", "{74705C93-05D6-4F61-8153-94683D93DCBC}"
EndProject
Project("{FAE04EC0-301F-11D3-BF4B-00C04F79EFBC}") = "TestProject1", "TestProject1\TestProject1.csproj", "{28065517-8F49-4375-B402-390A82D2C275}"
EndProject
Global
	GlobalSection(SolutionConfigurationPlatforms) = preSolution
		Debug|Any CPU = Debug|Any CPU
		Release|Any CPU = Release|Any CPU
	EndGlobalSection
	GlobalSection(ProjectConfigurationPlatforms) = postSolution
		{94366FB9-513C-45CE-A611-5774E08CAAE4}.Debug|Any CPU.ActiveCfg = Debug|Any CPU
		{94366FB9-513C-45CE-A611-5774E08CAAE4}.Debug|Any CPU.Build.0 = Debug|Any CPU
		{94366FB9-513C-45CE-A611-5774E08CAAE4}.Release|Any CPU.ActiveCfg = Release|Any CPU
		{94366FB9-513C-45CE-A611-5774E08CAAE4}.Release|Any CPU.Build.0 = Release|Any CPU
		{BBBD03A3-4AE4-4857-B268-CBFD2EF81E9C}.Debug|Any CPU.ActiveCfg = Debug|Any CPU
		{BBBD03A3-4AE4-4857-B268-CBFD2EF81E9C}.Debug|Any CPU.Build.0 = Debug|Any CPU
		{BBBD03A3-4AE4-4857-B268-CBFD2EF81E9C}.Release|Any CPU.ActiveCfg = Release|Any CPU
		{BBBD03A3-4AE4-4857-B268-CBFD2EF81E9C}.Release|Any CPU.Build.0 = Release|Any CPU
		{5CB685BF-A6E1-45D5-AB30-8B7F8D0B5043}.Debug|Any CPU.ActiveCfg = Debug|Any CPU
		{5CB685BF-A6E1-45D5-AB30-8B7F8D0B5043}.Debug|Any CPU.Build.0 = Debug|Any CPU
		{5CB685BF-A6E1-45D5-AB30-8B7F8D0B5043}.Release|Any CPU.ActiveCfg = Release|Any CPU
		{5CB685BF-A6E1-45D5-AB30-8B7F8D0B5043}.Release|Any CPU.Build.0 = Release|Any CPU
		{74705C93-05D6-4F61-8153-94683D93DCBC}.Debug|Any CPU.ActiveCfg = Debug|Any CPU
		{74705C93-05D6-4F61-8153-94683D93DCBC}.Debug|Any CPU.Build.0 = Debug|Any CPU
		{74705C93-05D6-4F61-8153-94683D93DCBC}.Release|Any CPU.ActiveCfg = Release|Any CPU
		{74705C93-05D6-4F61-8153-94683D93DCBC}.Release|Any CPU.Build.0 = Release|Any CPU
		{28065517-8F49-4375-B402-390A82D2C275}.Debug|Any CPU.ActiveCfg = Debug|Any CPU
		{28065517-8F49-4375-B402-390A82D2C275}.Debug|Any CPU.Build.0 = Debug|Any CPU
		{28065517-8F49-4375-B402-390A82D2C275}.Release|Any CPU.ActiveCfg = Release|Any CPU
		{28065517-8F49-4375-B402-390A82D2C275}.Release|Any CPU.Build.0 = Release|Any CPU
	EndGlobalSection
	GlobalSection(SolutionProperties) = preSolution
		HideSolutionNode = FALSE
	EndGlobalSection
	GlobalSection(ExtensibilityGlobals) = postSolution
		SolutionGuid = {98CCC7C5-4646-40B3-88CD-867CF918F4F4}
	EndGlobalSection
EndGlobal
